
Microsoft Visual Studio Solution File, Format Version 12.00
# Visual Studio Version 16
VisualStudioVersion = 16.0.29215.179
MinimumVisualStudioVersion = 10.0.40219.1
Project("{9A19103F-16F7-4668-BE54-9A1E7A4F7556}") = "Penguin.Persistence.Repositories", "Penguin.Persistence.Repositories.csproj", "{37AE183F-A1A9-4731-A7AE-198B3505A86B}"
EndProject
Global
	GlobalSection(SolutionConfigurationPlatforms) = preSolution
		Debug|Any CPU = Debug|Any CPU
		Release|Any CPU = Release|Any CPU
	EndGlobalSection
	GlobalSection(ProjectConfigurationPlatforms) = postSolution
		{37AE183F-A1A9-4731-A7AE-198B3505A86B}.Debug|Any CPU.ActiveCfg = Debug|Any CPU
		{37AE183F-A1A9-4731-A7AE-198B3505A86B}.Debug|Any CPU.Build.0 = Debug|Any CPU
		{37AE183F-A1A9-4731-A7AE-198B3505A86B}.Release|Any CPU.ActiveCfg = Release|Any CPU
		{37AE183F-A1A9-4731-A7AE-198B3505A86B}.Release|Any CPU.Build.0 = Release|Any CPU
	EndGlobalSection
	GlobalSection(SolutionProperties) = preSolution
		HideSolutionNode = FALSE
	EndGlobalSection
	GlobalSection(ExtensibilityGlobals) = postSolution
		SolutionGuid = {0EAF3BBA-10EF-41D6-8EF6-900011CBF069}
	EndGlobalSection
EndGlobal
